
Microsoft Visual Studio Solution File, Format Version 12.00
# Visual Studio Version 17
VisualStudioVersion = 17.13.35828.75 d17.13
MinimumVisualStudioVersion = 10.0.40219.1
Project("{FAE04EC0-301F-11D3-BF4B-00C04F79EFBC}") = "Livraria", "Livraria.csproj", "{703EE1C4-6A01-7398-6D23-47A8FBFBA40F}"
EndProject
Global
	GlobalSection(SolutionConfigurationPlatforms) = preSolution
		Debug|Any CPU = Debug|Any CPU
		Release|Any CPU = Release|Any CPU
	EndGlobalSection
	GlobalSection(ProjectConfigurationPlatforms) = postSolution
		{703EE1C4-6A01-7398-6D23-47A8FBFBA40F}.Debug|Any CPU.ActiveCfg = Debug|Any CPU
		{703EE1C4-6A01-7398-6D23-47A8FBFBA40F}.Debug|Any CPU.Build.0 = Debug|Any CPU
		{703EE1C4-6A01-7398-6D23-47A8FBFBA40F}.Release|Any CPU.ActiveCfg = Release|Any CPU
		{703EE1C4-6A01-7398-6D23-47A8FBFBA40F}.Release|Any CPU.Build.0 = Release|Any CPU
	EndGlobalSection
	GlobalSection(SolutionProperties) = preSolution
		HideSolutionNode = FALSE
	EndGlobalSection
	GlobalSection(ExtensibilityGlobals) = postSolution
		SolutionGuid = {2A34FF3B-C755-4E22-85CE-363C6CCD3ADE}
	EndGlobalSection
EndGlobal
